
Microsoft Visual Studio Solution File, Format Version 12.00
# Visual Studio Version 17
VisualStudioVersion = 17.0.31919.166
MinimumVisualStudioVersion = 10.0.40219.1
Project("{FAE04EC0-301F-11D3-BF4B-00C04F79EFBC}") = "ConnectBoxClients", "ConnectBoxClients\ConnectBoxClients.csproj", "{F02A5C6A-07B1-46B3-BB50-AE5DB59F99B1}"
EndProject
Global
	GlobalSection(SolutionConfigurationPlatforms) = preSolution
		Debug|Any CPU = Debug|Any CPU
		Release|Any CPU = Release|Any CPU
	EndGlobalSection
	GlobalSection(ProjectConfigurationPlatforms) = postSolution
		{F02A5C6A-07B1-46B3-BB50-AE5DB59F99B1}.Debug|Any CPU.ActiveCfg = Debug|Any CPU
		{F02A5C6A-07B1-46B3-BB50-AE5DB59F99B1}.Debug|Any CPU.Build.0 = Debug|Any CPU
		{F02A5C6A-07B1-46B3-BB50-AE5DB59F99B1}.Release|Any CPU.ActiveCfg = Release|Any CPU
		{F02A5C6A-07B1-46B3-BB50-AE5DB59F99B1}.Release|Any CPU.Build.0 = Release|Any CPU
	EndGlobalSection
	GlobalSection(SolutionProperties) = preSolution
		HideSolutionNode = FALSE
	EndGlobalSection
	GlobalSection(ExtensibilityGlobals) = postSolution
		SolutionGuid = {7EEC55CE-C7D9-43A4-B80A-B052A855DCE2}
	EndGlobalSection
EndGlobal
